
Microsoft Visual Studio Solution File, Format Version 12.00
# Visual Studio 15
Project("{FAE04EC0-301F-11D3-BF4B-00C04F79EFBC}") = "Assembly-CSharp", "Assembly-CSharp.csproj", "{56134EA7-969D-FD74-4A2D-8DA8BE0EADC3}"
EndProject
Project("{FAE04EC0-301F-11D3-BF4B-00C04F79EFBC}") = "Assembly-CSharp-firstpass", "Assembly-CSharp-firstpass.csproj", "{B0DEB88C-525E-BE07-8CB9-2D38817B3174}"
EndProject
Project("{FAE04EC0-301F-11D3-BF4B-00C04F79EFBC}") = "Assembly-CSharp-Editor-firstpass", "Assembly-CSharp-Editor-firstpass.csproj", "{77674037-DBAA-2B20-073C-030DF25BB569}"
EndProject
Global
	GlobalSection(SolutionConfigurationPlatforms) = preSolution
		Debug|Any CPU = Debug|Any CPU
		Release|Any CPU = Release|Any CPU
	EndGlobalSection
	GlobalSection(ProjectConfigurationPlatforms) = postSolution
		{56134EA7-969D-FD74-4A2D-8DA8BE0EADC3}.Debug|Any CPU.ActiveCfg = Debug|Any CPU
		{56134EA7-969D-FD74-4A2D-8DA8BE0EADC3}.Debug|Any CPU.Build.0 = Debug|Any CPU
		{56134EA7-969D-FD74-4A2D-8DA8BE0EADC3}.Release|Any CPU.ActiveCfg = Release|Any CPU
		{56134EA7-969D-FD74-4A2D-8DA8BE0EADC3}.Release|Any CPU.Build.0 = Release|Any CPU
		{B0DEB88C-525E-BE07-8CB9-2D38817B3174}.Debug|Any CPU.ActiveCfg = Debug|Any CPU
		{B0DEB88C-525E-BE07-8CB9-2D38817B3174}.Debug|Any CPU.Build.0 = Debug|Any CPU
		{B0DEB88C-525E-BE07-8CB9-2D38817B3174}.Release|Any CPU.ActiveCfg = Release|Any CPU
		{B0DEB88C-525E-BE07-8CB9-2D38817B3174}.Release|Any CPU.Build.0 = Release|Any CPU
		{77674037-DBAA-2B20-073C-030DF25BB569}.Debug|Any CPU.ActiveCfg = Debug|Any CPU
		{77674037-DBAA-2B20-073C-030DF25BB569}.Debug|Any CPU.Build.0 = Debug|Any CPU
		{77674037-DBAA-2B20-073C-030DF25BB569}.Release|Any CPU.ActiveCfg = Release|Any CPU
		{77674037-DBAA-2B20-073C-030DF25BB569}.Release|Any CPU.Build.0 = Release|Any CPU
	EndGlobalSection
	GlobalSection(SolutionProperties) = preSolution
		HideSolutionNode = FALSE
	EndGlobalSection
EndGlobal
