
Microsoft Visual Studio Solution File, Format Version 12.00
# Visual Studio 15
Project("{FAE04EC0-301F-11D3-BF4B-00C04F79EFBC}") = "Assembly-CSharp", "Assembly-CSharp.csproj", "{56134EA7-969D-FD74-4A2D-8DA8BE0EADC3}"
EndProject
Project("{FAE04EC0-301F-11D3-BF4B-00C04F79EFBC}") = "Assembly-CSharp-Editor", "Assembly-CSharp-Editor.csproj", "{1C257A3D-B3D0-CFB3-6412-A8435E05ACEE}"
EndProject
Global
	GlobalSection(SolutionConfigurationPlatforms) = preSolution
		Debug|Any CPU = Debug|Any CPU
		Release|Any CPU = Release|Any CPU
	EndGlobalSection
	GlobalSection(ProjectConfigurationPlatforms) = postSolution
		{56134EA7-969D-FD74-4A2D-8DA8BE0EADC3}.Debug|Any CPU.ActiveCfg = Debug|Any CPU
		{56134EA7-969D-FD74-4A2D-8DA8BE0EADC3}.Debug|Any CPU.Build.0 = Debug|Any CPU
		{56134EA7-969D-FD74-4A2D-8DA8BE0EADC3}.Release|Any CPU.ActiveCfg = Release|Any CPU
		{56134EA7-969D-FD74-4A2D-8DA8BE0EADC3}.Release|Any CPU.Build.0 = Release|Any CPU
		{1C257A3D-B3D0-CFB3-6412-A8435E05ACEE}.Debug|Any CPU.ActiveCfg = Debug|Any CPU
		{1C257A3D-B3D0-CFB3-6412-A8435E05ACEE}.Debug|Any CPU.Build.0 = Debug|Any CPU
		{1C257A3D-B3D0-CFB3-6412-A8435E05ACEE}.Release|Any CPU.ActiveCfg = Release|Any CPU
		{1C257A3D-B3D0-CFB3-6412-A8435E05ACEE}.Release|Any CPU.Build.0 = Release|Any CPU
	EndGlobalSection
	GlobalSection(SolutionProperties) = preSolution
		HideSolutionNode = FALSE
	EndGlobalSection
EndGlobal
